
Microsoft Visual Studio Solution File, Format Version 12.00
# Visual Studio Version 17
VisualStudioVersion = 17.5.33424.131
MinimumVisualStudioVersion = 10.0.40219.1
Project("{8BC9CEB8-8B4A-11D0-8D11-00A0C91BC942}") = "Najwieksze-skojarzenie-w-grafie-dwudizelnym", "Najwieksze-skojarzenie-w-grafie-dwudizelnym\Najwieksze-skojarzenie-w-grafie-dwudizelnym.vcxproj", "{3A1FC78D-F207-4C26-848B-4ADCC55932C5}"
EndProject
Project("{8BC9CEB8-8B4A-11D0-8D11-00A0C91BC942}") = "RandomGraphGenerator", "RandomGraphGenerator\RandomGraphGenerator.vcxproj", "{22699F0C-1B2D-43A5-9792-D5D3C1CE654B}"
EndProject
Project("{8BC9CEB8-8B4A-11D0-8D11-00A0C91BC942}") = "GraphLibrary", "GraphLibrary\GraphLibrary.vcxproj", "{FFF04A3B-56AC-4308-8620-EA035EB671ED}"
EndProject
Global
	GlobalSection(SolutionConfigurationPlatforms) = preSolution
		Debug|x64 = Debug|x64
		Debug|x86 = Debug|x86
		Release|x64 = Release|x64
		Release|x86 = Release|x86
	EndGlobalSection
	GlobalSection(ProjectConfigurationPlatforms) = postSolution
		{3A1FC78D-F207-4C26-848B-4ADCC55932C5}.Debug|x64.ActiveCfg = Debug|x64
		{3A1FC78D-F207-4C26-848B-4ADCC55932C5}.Debug|x64.Build.0 = Debug|x64
		{3A1FC78D-F207-4C26-848B-4ADCC55932C5}.Debug|x86.ActiveCfg = Debug|Win32
		{3A1FC78D-F207-4C26-848B-4ADCC55932C5}.Debug|x86.Build.0 = Debug|Win32
		{3A1FC78D-F207-4C26-848B-4ADCC55932C5}.Release|x64.ActiveCfg = Release|x64
		{3A1FC78D-F207-4C26-848B-4ADCC55932C5}.Release|x64.Build.0 = Release|x64
		{3A1FC78D-F207-4C26-848B-4ADCC55932C5}.Release|x86.ActiveCfg = Release|Win32
		{3A1FC78D-F207-4C26-848B-4ADCC55932C5}.Release|x86.Build.0 = Release|Win32
		{22699F0C-1B2D-43A5-9792-D5D3C1CE654B}.Debug|x64.ActiveCfg = Debug|x64
		{22699F0C-1B2D-43A5-9792-D5D3C1CE654B}.Debug|x64.Build.0 = Debug|x64
		{22699F0C-1B2D-43A5-9792-D5D3C1CE654B}.Debug|x86.ActiveCfg = Debug|Win32
		{22699F0C-1B2D-43A5-9792-D5D3C1CE654B}.Debug|x86.Build.0 = Debug|Win32
		{22699F0C-1B2D-43A5-9792-D5D3C1CE654B}.Release|x64.ActiveCfg = Release|x64
		{22699F0C-1B2D-43A5-9792-D5D3C1CE654B}.Release|x64.Build.0 = Release|x64
		{22699F0C-1B2D-43A5-9792-D5D3C1CE654B}.Release|x86.ActiveCfg = Release|Win32
		{22699F0C-1B2D-43A5-9792-D5D3C1CE654B}.Release|x86.Build.0 = Release|Win32
		{FFF04A3B-56AC-4308-8620-EA035EB671ED}.Debug|x64.ActiveCfg = Debug|x64
		{FFF04A3B-56AC-4308-8620-EA035EB671ED}.Debug|x64.Build.0 = Debug|x64
		{FFF04A3B-56AC-4308-8620-EA035EB671ED}.Debug|x86.ActiveCfg = Debug|Win32
		{FFF04A3B-56AC-4308-8620-EA035EB671ED}.Debug|x86.Build.0 = Debug|Win32
		{FFF04A3B-56AC-4308-8620-EA035EB671ED}.Release|x64.ActiveCfg = Release|x64
		{FFF04A3B-56AC-4308-8620-EA035EB671ED}.Release|x64.Build.0 = Release|x64
		{FFF04A3B-56AC-4308-8620-EA035EB671ED}.Release|x86.ActiveCfg = Release|Win32
		{FFF04A3B-56AC-4308-8620-EA035EB671ED}.Release|x86.Build.0 = Release|Win32
	EndGlobalSection
	GlobalSection(SolutionProperties) = preSolution
		HideSolutionNode = FALSE
	EndGlobalSection
	GlobalSection(ExtensibilityGlobals) = postSolution
		SolutionGuid = {4922752F-8FF9-42A6-91E1-EBDD4A6833C2}
	EndGlobalSection
EndGlobal
